
Microsoft Visual Studio Solution File, Format Version 12.00
# Visual Studio Version 17
VisualStudioVersion = 17.7.34221.43
MinimumVisualStudioVersion = 10.0.40219.1
Project("{9A19103F-16F7-4668-BE54-9A1E7A4F7556}") = "dotnet-api", "dotnet-api.csproj", "{5C1B5FFF-4CF8-4747-86D4-B3AA0221DCDA}"
EndProject
Global
	GlobalSection(SolutionConfigurationPlatforms) = preSolution
		Debug|Any CPU = Debug|Any CPU
		Release|Any CPU = Release|Any CPU
	EndGlobalSection
	GlobalSection(ProjectConfigurationPlatforms) = postSolution
		{5C1B5FFF-4CF8-4747-86D4-B3AA0221DCDA}.Debug|Any CPU.ActiveCfg = Debug|Any CPU
		{5C1B5FFF-4CF8-4747-86D4-B3AA0221DCDA}.Debug|Any CPU.Build.0 = Debug|Any CPU
		{5C1B5FFF-4CF8-4747-86D4-B3AA0221DCDA}.Release|Any CPU.ActiveCfg = Release|Any CPU
		{5C1B5FFF-4CF8-4747-86D4-B3AA0221DCDA}.Release|Any CPU.Build.0 = Release|Any CPU
	EndGlobalSection
	GlobalSection(SolutionProperties) = preSolution
		HideSolutionNode = FALSE
	EndGlobalSection
	GlobalSection(ExtensibilityGlobals) = postSolution
		SolutionGuid = {AAC15B9B-02D2-40C7-959E-7CAF3FD8233B}
	EndGlobalSection
EndGlobal
